// !$*UTF8*$!
{
	archiveVersion = 1;
	classes = {
	};
	objectVersion = 46;
	objects = {

/* Begin PBXBuildFile section */
		830F31931C01A1E5007B9BA4 /* NextSevenTitleViewCell.swift in Sources */ = {isa = PBXBuildFile; fileRef = 830F31921C01A1E5007B9BA4 /* NextSevenTitleViewCell.swift */; };
		830F31951C01A212007B9BA4 /* NextSevenViewCell.swift in Sources */ = {isa = PBXBuildFile; fileRef = 830F31941C01A212007B9BA4 /* NextSevenViewCell.swift */; };
		830F319C1C01B471007B9BA4 /* next7.png in Resources */ = {isa = PBXBuildFile; fileRef = 830F319A1C01B471007B9BA4 /* next7.png */; };
		830F319D1C01B471007B9BA4 /* next24.png in Resources */ = {isa = PBXBuildFile; fileRef = 830F319B1C01B471007B9BA4 /* next24.png */; };
		8324D2E91BF985EF00A29A63 /* tutiwari.jpg in Resources */ = {isa = PBXBuildFile; fileRef = 8324D2E81BF985EF00A29A63 /* tutiwari.jpg */; };
		8324D2EB1BF9870E00A29A63 /* AboutViewController.swift in Sources */ = {isa = PBXBuildFile; fileRef = 8324D2EA1BF9870E00A29A63 /* AboutViewController.swift */; };
		833628521BF8006B00D1BB3C /* dJub4gJ.gif in Resources */ = {isa = PBXBuildFile; fileRef = 8336284F1BF8006B00D1BB3C /* dJub4gJ.gif */; };
		833628531BF8006B00D1BB3C /* gp9OspM.gif in Resources */ = {isa = PBXBuildFile; fileRef = 833628501BF8006B00D1BB3C /* gp9OspM.gif */; };
		833628541BF8006B00D1BB3C /* zyADLpF.gif in Resources */ = {isa = PBXBuildFile; fileRef = 833628511BF8006B00D1BB3C /* zyADLpF.gif */; };
		834575E01BF760F0006BC366 /* clear_night.png in Resources */ = {isa = PBXBuildFile; fileRef = 834575D31BF760F0006BC366 /* clear_night.png */; };
		834575E11BF760F0006BC366 /* clear.png in Resources */ = {isa = PBXBuildFile; fileRef = 834575D41BF760F0006BC366 /* clear.png */; };
		834575E21BF760F0006BC366 /* cloud_day.png in Resources */ = {isa = PBXBuildFile; fileRef = 834575D51BF760F0006BC366 /* cloud_day.png */; };
		834575E31BF760F0006BC366 /* cloud_night.png in Resources */ = {isa = PBXBuildFile; fileRef = 834575D61BF760F0006BC366 /* cloud_night.png */; };
		834575E41BF760F0006BC366 /* cloudy.png in Resources */ = {isa = PBXBuildFile; fileRef = 834575D71BF760F0006BC366 /* cloudy.png */; };
		834575E51BF760F0006BC366 /* fb_icon.png in Resources */ = {isa = PBXBuildFile; fileRef = 834575D81BF760F0006BC366 /* fb_icon.png */; };
		834575E61BF760F0006BC366 /* fog.png in Resources */ = {isa = PBXBuildFile; fileRef = 834575D91BF760F0006BC366 /* fog.png */; };
		834575E71BF760F0006BC366 /* forecast_logo.png in Resources */ = {isa = PBXBuildFile; fileRef = 834575DA1BF760F0006BC366 /* forecast_logo.png */; };
		834575E81BF760F0006BC366 /* rain.png in Resources */ = {isa = PBXBuildFile; fileRef = 834575DB1BF760F0006BC366 /* rain.png */; };
		834575E91BF760F0006BC366 /* sleet.png in Resources */ = {isa = PBXBuildFile; fileRef = 834575DC1BF760F0006BC366 /* sleet.png */; };
		834575EA1BF760F0006BC366 /* snow.png in Resources */ = {isa = PBXBuildFile; fileRef = 834575DD1BF760F0006BC366 /* snow.png */; };
		834575EB1BF760F0006BC366 /* wind.png in Resources */ = {isa = PBXBuildFile; fileRef = 834575DE1BF760F0006BC366 /* wind.png */; };
		834E102E1ADD324900F36731 /* AppDelegate.swift in Sources */ = {isa = PBXBuildFile; fileRef = 834E102D1ADD324900F36731 /* AppDelegate.swift */; };
		834E10301ADD324900F36731 /* ViewController.swift in Sources */ = {isa = PBXBuildFile; fileRef = 834E102F1ADD324900F36731 /* ViewController.swift */; };
		834E10331ADD324900F36731 /* Main.storyboard in Resources */ = {isa = PBXBuildFile; fileRef = 834E10311ADD324900F36731 /* Main.storyboard */; };
		834E10351ADD324900F36731 /* Images.xcassets in Resources */ = {isa = PBXBuildFile; fileRef = 834E10341ADD324900F36731 /* Images.xcassets */; };
		834E10381ADD324900F36731 /* LaunchScreen.xib in Resources */ = {isa = PBXBuildFile; fileRef = 834E10361ADD324900F36731 /* LaunchScreen.xib */; };
		834E10441ADD324900F36731 /* SickleTests.swift in Sources */ = {isa = PBXBuildFile; fileRef = 834E10431ADD324900F36731 /* SickleTests.swift */; };
		834ED4F21C02F89F00E8D2CF /* FBSDKCoreKit.framework in Frameworks */ = {isa = PBXBuildFile; fileRef = 834ED4EF1C02F89F00E8D2CF /* FBSDKCoreKit.framework */; };
		834ED4F31C02F89F00E8D2CF /* FBSDKLoginKit.framework in Frameworks */ = {isa = PBXBuildFile; fileRef = 834ED4F01C02F89F00E8D2CF /* FBSDKLoginKit.framework */; };
		834ED4F41C02F89F00E8D2CF /* FBSDKShareKit.framework in Frameworks */ = {isa = PBXBuildFile; fileRef = 834ED4F11C02F89F00E8D2CF /* FBSDKShareKit.framework */; };
		835705121C00673900569D10 /* RightNowImageViewCell.swift in Sources */ = {isa = PBXBuildFile; fileRef = 835705111C00673900569D10 /* RightNowImageViewCell.swift */; };
		835705141C006AB400569D10 /* RightNowSummaryViewCell.swift in Sources */ = {isa = PBXBuildFile; fileRef = 835705131C006AB400569D10 /* RightNowSummaryViewCell.swift */; };
		835705161C006D7600569D10 /* RightNowTempViewCell.swift in Sources */ = {isa = PBXBuildFile; fileRef = 835705151C006D7600569D10 /* RightNowTempViewCell.swift */; };
		835705181C00700C00569D10 /* RightNowMinMaxViewCell.swift in Sources */ = {isa = PBXBuildFile; fileRef = 835705171C00700C00569D10 /* RightNowMinMaxViewCell.swift */; };
		8357051A1C00757000569D10 /* RightNowNavViewCell.swift in Sources */ = {isa = PBXBuildFile; fileRef = 835705191C00757000569D10 /* RightNowNavViewCell.swift */; };
		8357051C1C00866F00569D10 /* NextHoursTitleViewCell.swift in Sources */ = {isa = PBXBuildFile; fileRef = 8357051B1C00866F00569D10 /* NextHoursTitleViewCell.swift */; };
		8357051E1C00869700569D10 /* NextHoursHeaderViewCell.swift in Sources */ = {isa = PBXBuildFile; fileRef = 8357051D1C00869700569D10 /* NextHoursHeaderViewCell.swift */; };
		835705201C0086C200569D10 /* NextHoursViewCell.swift in Sources */ = {isa = PBXBuildFile; fileRef = 8357051F1C0086C200569D10 /* NextHoursViewCell.swift */; };
		83574C7D1C06728B00CBF04E /* MapViewController.swift in Sources */ = {isa = PBXBuildFile; fileRef = 83574C7C1C06728B00CBF04E /* MapViewController.swift */; };
		83574C811C06CC5E00CBF04E /* Aeris.framework in Frameworks */ = {isa = PBXBuildFile; fileRef = 83574C7E1C06CC5E00CBF04E /* Aeris.framework */; };
		83574C821C06CC5E00CBF04E /* AerisMap.framework in Frameworks */ = {isa = PBXBuildFile; fileRef = 83574C7F1C06CC5E00CBF04E /* AerisMap.framework */; };
		83574C851C06CC7500CBF04E /* AerisUI.framework in Frameworks */ = {isa = PBXBuildFile; fileRef = 83574C841C06CC7500CBF04E /* AerisUI.framework */; };
		83574C9D1C06E33E00CBF04E /* AFHTTPRequestOperation.m in Sources */ = {isa = PBXBuildFile; fileRef = 83574C8B1C06E33E00CBF04E /* AFHTTPRequestOperation.m */; };
		83574C9E1C06E33E00CBF04E /* AFHTTPRequestOperationManager.m in Sources */ = {isa = PBXBuildFile; fileRef = 83574C8D1C06E33E00CBF04E /* AFHTTPRequestOperationManager.m */; };
		83574C9F1C06E33E00CBF04E /* AFHTTPSessionManager.m in Sources */ = {isa = PBXBuildFile; fileRef = 83574C8F1C06E33E00CBF04E /* AFHTTPSessionManager.m */; };
		83574CA01C06E33E00CBF04E /* AFNetworkReachabilityManager.m in Sources */ = {isa = PBXBuildFile; fileRef = 83574C921C06E33E00CBF04E /* AFNetworkReachabilityManager.m */; };
		83574CA11C06E33E00CBF04E /* AFSecurityPolicy.m in Sources */ = {isa = PBXBuildFile; fileRef = 83574C941C06E33E00CBF04E /* AFSecurityPolicy.m */; };
		83574CA21C06E33E00CBF04E /* AFURLConnectionOperation.m in Sources */ = {isa = PBXBuildFile; fileRef = 83574C961C06E33E00CBF04E /* AFURLConnectionOperation.m */; };
		83574CA31C06E33E00CBF04E /* AFURLRequestSerialization.m in Sources */ = {isa = PBXBuildFile; fileRef = 83574C981C06E33E00CBF04E /* AFURLRequestSerialization.m */; };
		83574CA41C06E33E00CBF04E /* AFURLResponseSerialization.m in Sources */ = {isa = PBXBuildFile; fileRef = 83574C9A1C06E33E00CBF04E /* AFURLResponseSerialization.m */; };
		83574CA51C06E33E00CBF04E /* AFURLSessionManager.m in Sources */ = {isa = PBXBuildFile; fileRef = 83574C9C1C06E33E00CBF04E /* AFURLSessionManager.m */; };
		83574CB91C06E91400CBF04E /* AFNetworkActivityIndicatorManager.m in Sources */ = {isa = PBXBuildFile; fileRef = 83574CA81C06E91400CBF04E /* AFNetworkActivityIndicatorManager.m */; };
		83574CBA1C06E91400CBF04E /* UIActivityIndicatorView+AFNetworking.m in Sources */ = {isa = PBXBuildFile; fileRef = 83574CAA1C06E91400CBF04E /* UIActivityIndicatorView+AFNetworking.m */; };
		83574CBB1C06E91400CBF04E /* UIAlertView+AFNetworking.m in Sources */ = {isa = PBXBuildFile; fileRef = 83574CAC1C06E91400CBF04E /* UIAlertView+AFNetworking.m */; };
		83574CBC1C06E91400CBF04E /* UIButton+AFNetworking.m in Sources */ = {isa = PBXBuildFile; fileRef = 83574CAE1C06E91400CBF04E /* UIButton+AFNetworking.m */; };
		83574CBD1C06E91400CBF04E /* UIImageView+AFNetworking.m in Sources */ = {isa = PBXBuildFile; fileRef = 83574CB11C06E91400CBF04E /* UIImageView+AFNetworking.m */; };
		83574CBE1C06E91400CBF04E /* UIProgressView+AFNetworking.m in Sources */ = {isa = PBXBuildFile; fileRef = 83574CB41C06E91400CBF04E /* UIProgressView+AFNetworking.m */; };
		83574CBF1C06E91400CBF04E /* UIRefreshControl+AFNetworking.m in Sources */ = {isa = PBXBuildFile; fileRef = 83574CB61C06E91400CBF04E /* UIRefreshControl+AFNetworking.m */; };
		83574CC01C06E91400CBF04E /* UIWebView+AFNetworking.m in Sources */ = {isa = PBXBuildFile; fileRef = 83574CB81C06E91400CBF04E /* UIWebView+AFNetworking.m */; };
		83574CC21C070ED800CBF04E /* NextHoursExpandView.swift in Sources */ = {isa = PBXBuildFile; fileRef = 83574CC11C070ED800CBF04E /* NextHoursExpandView.swift */; };
		83574CC41C071C9C00CBF04E /* FormAddressTableViewCell.swift in Sources */ = {isa = PBXBuildFile; fileRef = 83574CC31C071C9C00CBF04E /* FormAddressTableViewCell.swift */; };
		83574CC61C071D4200CBF04E /* FormStateTableViewCell.swift in Sources */ = {isa = PBXBuildFile; fileRef = 83574CC51C071D4200CBF04E /* FormStateTableViewCell.swift */; };
		83574CC81C071E1900CBF04E /* FormDegreeTableViewCell.swift in Sources */ = {isa = PBXBuildFile; fileRef = 83574CC71C071E1900CBF04E /* FormDegreeTableViewCell.swift */; };
		83574CCA1C071E9500CBF04E /* FormButtonsTableViewCell.swift in Sources */ = {isa = PBXBuildFile; fileRef = 83574CC91C071E9500CBF04E /* FormButtonsTableViewCell.swift */; };
		83574CCC1C0731F500CBF04E /* SelectStateTableViewController.swift in Sources */ = {isa = PBXBuildFile; fileRef = 83574CCB1C0731F500CBF04E /* SelectStateTableViewController.swift */; };
		83596D871BF80CDA007C3F59 /* bg.jpg in Resources */ = {isa = PBXBuildFile; fileRef = 83596D861BF80CDA007C3F59 /* bg.jpg */; };
		838805271BFEFB8B003CCB64 /* RightNowViewController.swift in Sources */ = {isa = PBXBuildFile; fileRef = 838805261BFEFB8A003CCB64 /* RightNowViewController.swift */; };
		838805291BFF007E003CCB64 /* TabBarController.swift in Sources */ = {isa = PBXBuildFile; fileRef = 838805281BFF007E003CCB64 /* TabBarController.swift */; };
		8388052B1BFF381C003CCB64 /* NextSevenViewController.swift in Sources */ = {isa = PBXBuildFile; fileRef = 8388052A1BFF381C003CCB64 /* NextSevenViewController.swift */; };
		8388052D1BFF382E003CCB64 /* NextHoursViewController.swift in Sources */ = {isa = PBXBuildFile; fileRef = 8388052C1BFF382E003CCB64 /* NextHoursViewController.swift */; };
/* End PBXBuildFile section */

/* Begin PBXContainerItemProxy section */
		834E103E1ADD324900F36731 /* PBXContainerItemProxy */ = {
			isa = PBXContainerItemProxy;
			containerPortal = 834E10201ADD324900F36731 /* Project object */;
			proxyType = 1;
			remoteGlobalIDString = 834E10271ADD324900F36731;
			remoteInfo = Sickle;
		};
/* End PBXContainerItemProxy section */

/* Begin PBXFileReference section */
		830F31921C01A1E5007B9BA4 /* NextSevenTitleViewCell.swift */ = {isa = PBXFileReference; fileEncoding = 4; lastKnownFileType = sourcecode.swift; path = NextSevenTitleViewCell.swift; sourceTree = "<group>"; };
		830F31941C01A212007B9BA4 /* NextSevenViewCell.swift */ = {isa = PBXFileReference; fileEncoding = 4; lastKnownFileType = sourcecode.swift; path = NextSevenViewCell.swift; sourceTree = "<group>"; };
		830F319A1C01B471007B9BA4 /* next7.png */ = {isa = PBXFileReference; lastKnownFileType = image.png; path = next7.png; sourceTree = "<group>"; };
		830F319B1C01B471007B9BA4 /* next24.png */ = {isa = PBXFileReference; lastKnownFileType = image.png; path = next24.png; sourceTree = "<group>"; };
		8324D2E81BF985EF00A29A63 /* tutiwari.jpg */ = {isa = PBXFileReference; lastKnownFileType = image.jpeg; path = tutiwari.jpg; sourceTree = "<group>"; };
		8324D2EA1BF9870E00A29A63 /* AboutViewController.swift */ = {isa = PBXFileReference; fileEncoding = 4; lastKnownFileType = sourcecode.swift; path = AboutViewController.swift; sourceTree = "<group>"; };
		8336284F1BF8006B00D1BB3C /* dJub4gJ.gif */ = {isa = PBXFileReference; lastKnownFileType = image.gif; path = dJub4gJ.gif; sourceTree = "<group>"; };
		833628501BF8006B00D1BB3C /* gp9OspM.gif */ = {isa = PBXFileReference; lastKnownFileType = image.gif; path = gp9OspM.gif; sourceTree = "<group>"; };
		833628511BF8006B00D1BB3C /* zyADLpF.gif */ = {isa = PBXFileReference; lastKnownFileType = image.gif; path = zyADLpF.gif; sourceTree = "<group>"; };
		834575D31BF760F0006BC366 /* clear_night.png */ = {isa = PBXFileReference; lastKnownFileType = image.png; path = clear_night.png; sourceTree = "<group>"; };
		834575D41BF760F0006BC366 /* clear.png */ = {isa = PBXFileReference; lastKnownFileType = image.png; path = clear.png; sourceTree = "<group>"; };
		834575D51BF760F0006BC366 /* cloud_day.png */ = {isa = PBXFileReference; lastKnownFileType = image.png; path = cloud_day.png; sourceTree = "<group>"; };
		834575D61BF760F0006BC366 /* cloud_night.png */ = {isa = PBXFileReference; lastKnownFileType = image.png; path = cloud_night.png; sourceTree = "<group>"; };
		834575D71BF760F0006BC366 /* cloudy.png */ = {isa = PBXFileReference; lastKnownFileType = image.png; path = cloudy.png; sourceTree = "<group>"; };
		834575D81BF760F0006BC366 /* fb_icon.png */ = {isa = PBXFileReference; lastKnownFileType = image.png; path = fb_icon.png; sourceTree = "<group>"; };
		834575D91BF760F0006BC366 /* fog.png */ = {isa = PBXFileReference; lastKnownFileType = image.png; path = fog.png; sourceTree = "<group>"; };
		834575DA1BF760F0006BC366 /* forecast_logo.png */ = {isa = PBXFileReference; lastKnownFileType = image.png; path = forecast_logo.png; sourceTree = "<group>"; };
		834575DB1BF760F0006BC366 /* rain.png */ = {isa = PBXFileReference; lastKnownFileType = image.png; path = rain.png; sourceTree = "<group>"; };
		834575DC1BF760F0006BC366 /* sleet.png */ = {isa = PBXFileReference; lastKnownFileType = image.png; path = sleet.png; sourceTree = "<group>"; };
		834575DD1BF760F0006BC366 /* snow.png */ = {isa = PBXFileReference; lastKnownFileType = image.png; path = snow.png; sourceTree = "<group>"; };
		834575DE1BF760F0006BC366 /* wind.png */ = {isa = PBXFileReference; lastKnownFileType = image.png; path = wind.png; sourceTree = "<group>"; };
		834E10281ADD324900F36731 /* Sickle.app */ = {isa = PBXFileReference; explicitFileType = wrapper.application; includeInIndex = 0; path = Sickle.app; sourceTree = BUILT_PRODUCTS_DIR; };
		834E102C1ADD324900F36731 /* Info.plist */ = {isa = PBXFileReference; lastKnownFileType = text.plist.xml; path = Info.plist; sourceTree = "<group>"; };
		834E102D1ADD324900F36731 /* AppDelegate.swift */ = {isa = PBXFileReference; lastKnownFileType = sourcecode.swift; path = AppDelegate.swift; sourceTree = "<group>"; };
		834E102F1ADD324900F36731 /* ViewController.swift */ = {isa = PBXFileReference; lastKnownFileType = sourcecode.swift; path = ViewController.swift; sourceTree = "<group>"; };
		834E10321ADD324900F36731 /* Base */ = {isa = PBXFileReference; lastKnownFileType = file.storyboard; name = Base; path = Base.lproj/Main.storyboard; sourceTree = "<group>"; };
		834E10341ADD324900F36731 /* Images.xcassets */ = {isa = PBXFileReference; lastKnownFileType = folder.assetcatalog; path = Images.xcassets; sourceTree = "<group>"; };
		834E10371ADD324900F36731 /* Base */ = {isa = PBXFileReference; lastKnownFileType = file.xib; name = Base; path = Base.lproj/LaunchScreen.xib; sourceTree = "<group>"; };
		834E103D1ADD324900F36731 /* SickleTests.xctest */ = {isa = PBXFileReference; explicitFileType = wrapper.cfbundle; includeInIndex = 0; path = SickleTests.xctest; sourceTree = BUILT_PRODUCTS_DIR; };
		834E10421ADD324900F36731 /* Info.plist */ = {isa = PBXFileReference; lastKnownFileType = text.plist.xml; path = Info.plist; sourceTree = "<group>"; };
		834E10431ADD324900F36731 /* SickleTests.swift */ = {isa = PBXFileReference; lastKnownFileType = sourcecode.swift; path = SickleTests.swift; sourceTree = "<group>"; };
		834ED4EF1C02F89F00E8D2CF /* FBSDKCoreKit.framework */ = {isa = PBXFileReference; lastKnownFileType = wrapper.framework; name = FBSDKCoreKit.framework; path = "FacebookSDKs-iOS-20151111/FBSDKCoreKit.framework"; sourceTree = "<group>"; };
		834ED4F01C02F89F00E8D2CF /* FBSDKLoginKit.framework */ = {isa = PBXFileReference; lastKnownFileType = wrapper.framework; name = FBSDKLoginKit.framework; path = "FacebookSDKs-iOS-20151111/FBSDKLoginKit.framework"; sourceTree = "<group>"; };
		834ED4F11C02F89F00E8D2CF /* FBSDKShareKit.framework */ = {isa = PBXFileReference; lastKnownFileType = wrapper.framework; name = FBSDKShareKit.framework; path = "FacebookSDKs-iOS-20151111/FBSDKShareKit.framework"; sourceTree = "<group>"; };
		835705111C00673900569D10 /* RightNowImageViewCell.swift */ = {isa = PBXFileReference; fileEncoding = 4; lastKnownFileType = sourcecode.swift; path = RightNowImageViewCell.swift; sourceTree = "<group>"; };
		835705131C006AB400569D10 /* RightNowSummaryViewCell.swift */ = {isa = PBXFileReference; fileEncoding = 4; lastKnownFileType = sourcecode.swift; path = RightNowSummaryViewCell.swift; sourceTree = "<group>"; };
		835705151C006D7600569D10 /* RightNowTempViewCell.swift */ = {isa = PBXFileReference; fileEncoding = 4; lastKnownFileType = sourcecode.swift; path = RightNowTempViewCell.swift; sourceTree = "<group>"; };
		835705171C00700C00569D10 /* RightNowMinMaxViewCell.swift */ = {isa = PBXFileReference; fileEncoding = 4; lastKnownFileType = sourcecode.swift; path = RightNowMinMaxViewCell.swift; sourceTree = "<group>"; };
		835705191C00757000569D10 /* RightNowNavViewCell.swift */ = {isa = PBXFileReference; fileEncoding = 4; lastKnownFileType = sourcecode.swift; path = RightNowNavViewCell.swift; sourceTree = "<group>"; };
		8357051B1C00866F00569D10 /* NextHoursTitleViewCell.swift */ = {isa = PBXFileReference; fileEncoding = 4; lastKnownFileType = sourcecode.swift; path = NextHoursTitleViewCell.swift; sourceTree = "<group>"; };
		8357051D1C00869700569D10 /* NextHoursHeaderViewCell.swift */ = {isa = PBXFileReference; fileEncoding = 4; lastKnownFileType = sourcecode.swift; path = NextHoursHeaderViewCell.swift; sourceTree = "<group>"; };
		8357051F1C0086C200569D10 /* NextHoursViewCell.swift */ = {isa = PBXFileReference; fileEncoding = 4; lastKnownFileType = sourcecode.swift; path = NextHoursViewCell.swift; sourceTree = "<group>"; };
		83574C7C1C06728B00CBF04E /* MapViewController.swift */ = {isa = PBXFileReference; fileEncoding = 4; lastKnownFileType = sourcecode.swift; path = MapViewController.swift; sourceTree = "<group>"; };
		83574C7E1C06CC5E00CBF04E /* Aeris.framework */ = {isa = PBXFileReference; lastKnownFileType = wrapper.framework; name = Aeris.framework; path = AerisWeatherSDK/Aeris.framework; sourceTree = "<group>"; };
		83574C7F1C06CC5E00CBF04E /* AerisMap.framework */ = {isa = PBXFileReference; lastKnownFileType = wrapper.framework; name = AerisMap.framework; path = AerisWeatherSDK/AerisMap.framework; sourceTree = "<group>"; };
		83574C841C06CC7500CBF04E /* AerisUI.framework */ = {isa = PBXFileReference; lastKnownFileType = wrapper.framework; name = AerisUI.framework; path = AerisWeatherSDK/AerisUI.framework; sourceTree = "<group>"; };
		83574C861C06CED300CBF04E /* Sickle-Bridging-Header.h */ = {isa = PBXFileReference; lastKnownFileType = sourcecode.c.h; path = "Sickle-Bridging-Header.h"; sourceTree = "<group>"; };
		83574C8A1C06E33E00CBF04E /* AFHTTPRequestOperation.h */ = {isa = PBXFileReference; fileEncoding = 4; lastKnownFileType = sourcecode.c.h; path = AFHTTPRequestOperation.h; sourceTree = "<group>"; };
		83574C8B1C06E33E00CBF04E /* AFHTTPRequestOperation.m */ = {isa = PBXFileReference; fileEncoding = 4; lastKnownFileType = sourcecode.c.objc; path = AFHTTPRequestOperation.m; sourceTree = "<group>"; };
		83574C8C1C06E33E00CBF04E /* AFHTTPRequestOperationManager.h */ = {isa = PBXFileReference; fileEncoding = 4; lastKnownFileType = sourcecode.c.h; path = AFHTTPRequestOperationManager.h; sourceTree = "<group>"; };
		83574C8D1C06E33E00CBF04E /* AFHTTPRequestOperationManager.m */ = {isa = PBXFileReference; fileEncoding = 4; lastKnownFileType = sourcecode.c.objc; path = AFHTTPRequestOperationManager.m; sourceTree = "<group>"; };
		83574C8E1C06E33E00CBF04E /* AFHTTPSessionManager.h */ = {isa = PBXFileReference; fileEncoding = 4; lastKnownFileType = sourcecode.c.h; path = AFHTTPSessionManager.h; sourceTree = "<group>"; };
		83574C8F1C06E33E00CBF04E /* AFHTTPSessionManager.m */ = {isa = PBXFileReference; fileEncoding = 4; lastKnownFileType = sourcecode.c.objc; path = AFHTTPSessionManager.m; sourceTree = "<group>"; };
		83574C901C06E33E00CBF04E /* AFNetworking.h */ = {isa = PBXFileReference; fileEncoding = 4; lastKnownFileType = sourcecode.c.h; path = AFNetworking.h; sourceTree = "<group>"; };
		83574C911C06E33E00CBF04E /* AFNetworkReachabilityManager.h */ = {isa = PBXFileReference; fileEncoding = 4; lastKnownFileType = sourcecode.c.h; path = AFNetworkReachabilityManager.h; sourceTree = "<group>"; };
		83574C921C06E33E00CBF04E /* AFNetworkReachabilityManager.m */ = {isa = PBXFileReference; fileEncoding = 4; lastKnownFileType = sourcecode.c.objc; path = AFNetworkReachabilityManager.m; sourceTree = "<group>"; };
		83574C931C06E33E00CBF04E /* AFSecurityPolicy.h */ = {isa = PBXFileReference; fileEncoding = 4; lastKnownFileType = sourcecode.c.h; path = AFSecurityPolicy.h; sourceTree = "<group>"; };
		83574C941C06E33E00CBF04E /* AFSecurityPolicy.m */ = {isa = PBXFileReference; fileEncoding = 4; lastKnownFileType = sourcecode.c.objc; path = AFSecurityPolicy.m; sourceTree = "<group>"; };
		83574C951C06E33E00CBF04E /* AFURLConnectionOperation.h */ = {isa = PBXFileReference; fileEncoding = 4; lastKnownFileType = sourcecode.c.h; path = AFURLConnectionOperation.h; sourceTree = "<group>"; };
		83574C961C06E33E00CBF04E /* AFURLConnectionOperation.m */ = {isa = PBXFileReference; fileEncoding = 4; lastKnownFileType = sourcecode.c.objc; path = AFURLConnectionOperation.m; sourceTree = "<group>"; };
		83574C971C06E33E00CBF04E /* AFURLRequestSerialization.h */ = {isa = PBXFileReference; fileEncoding = 4; lastKnownFileType = sourcecode.c.h; path = AFURLRequestSerialization.h; sourceTree = "<group>"; };
		83574C981C06E33E00CBF04E /* AFURLRequestSerialization.m */ = {isa = PBXFileReference; fileEncoding = 4; lastKnownFileType = sourcecode.c.objc; path = AFURLRequestSerialization.m; sourceTree = "<group>"; };
		83574C991C06E33E00CBF04E /* AFURLResponseSerialization.h */ = {isa = PBXFileReference; fileEncoding = 4; lastKnownFileType = sourcecode.c.h; path = AFURLResponseSerialization.h; sourceTree = "<group>"; };
		83574C9A1C06E33E00CBF04E /* AFURLResponseSerialization.m */ = {isa = PBXFileReference; fileEncoding = 4; lastKnownFileType = sourcecode.c.objc; path = AFURLResponseSerialization.m; sourceTree = "<group>"; };
		83574C9B1C06E33E00CBF04E /* AFURLSessionManager.h */ = {isa = PBXFileReference; fileEncoding = 4; lastKnownFileType = sourcecode.c.h; path = AFURLSessionManager.h; sourceTree = "<group>"; };
		83574C9C1C06E33E00CBF04E /* AFURLSessionManager.m */ = {isa = PBXFileReference; fileEncoding = 4; lastKnownFileType = sourcecode.c.objc; path = AFURLSessionManager.m; sourceTree = "<group>"; };
		83574CA71C06E91400CBF04E /* AFNetworkActivityIndicatorManager.h */ = {isa = PBXFileReference; fileEncoding = 4; lastKnownFileType = sourcecode.c.h; path = AFNetworkActivityIndicatorManager.h; sourceTree = "<group>"; };
		83574CA81C06E91400CBF04E /* AFNetworkActivityIndicatorManager.m */ = {isa = PBXFileReference; fileEncoding = 4; lastKnownFileType = sourcecode.c.objc; path = AFNetworkActivityIndicatorManager.m; sourceTree = "<group>"; };
		83574CA91C06E91400CBF04E /* UIActivityIndicatorView+AFNetworking.h */ = {isa = PBXFileReference; fileEncoding = 4; lastKnownFileType = sourcecode.c.h; path = "UIActivityIndicatorView+AFNetworking.h"; sourceTree = "<group>"; };
		83574CAA1C06E91400CBF04E /* UIActivityIndicatorView+AFNetworking.m */ = {isa = PBXFileReference; fileEncoding = 4; lastKnownFileType = sourcecode.c.objc; path = "UIActivityIndicatorView+AFNetworking.m"; sourceTree = "<group>"; };
		83574CAB1C06E91400CBF04E /* UIAlertView+AFNetworking.h */ = {isa = PBXFileReference; fileEncoding = 4; lastKnownFileType = sourcecode.c.h; path = "UIAlertView+AFNetworking.h"; sourceTree = "<group>"; };
		83574CAC1C06E91400CBF04E /* UIAlertView+AFNetworking.m */ = {isa = PBXFileReference; fileEncoding = 4; lastKnownFileType = sourcecode.c.objc; path = "UIAlertView+AFNetworking.m"; sourceTree = "<group>"; };
		83574CAD1C06E91400CBF04E /* UIButton+AFNetworking.h */ = {isa = PBXFileReference; fileEncoding = 4; lastKnownFileType = sourcecode.c.h; path = "UIButton+AFNetworking.h"; sourceTree = "<group>"; };
		83574CAE1C06E91400CBF04E /* UIButton+AFNetworking.m */ = {isa = PBXFileReference; fileEncoding = 4; lastKnownFileType = sourcecode.c.objc; path = "UIButton+AFNetworking.m"; sourceTree = "<group>"; };
		83574CAF1C06E91400CBF04E /* UIImage+AFNetworking.h */ = {isa = PBXFileReference; fileEncoding = 4; lastKnownFileType = sourcecode.c.h; path = "UIImage+AFNetworking.h"; sourceTree = "<group>"; };
		83574CB01C06E91400CBF04E /* UIImageView+AFNetworking.h */ = {isa = PBXFileReference; fileEncoding = 4; lastKnownFileType = sourcecode.c.h; path = "UIImageView+AFNetworking.h"; sourceTree = "<group>"; };
		83574CB11C06E91400CBF04E /* UIImageView+AFNetworking.m */ = {isa = PBXFileReference; fileEncoding = 4; lastKnownFileType = sourcecode.c.objc; path = "UIImageView+AFNetworking.m"; sourceTree = "<group>"; };
		83574CB21C06E91400CBF04E /* UIKit+AFNetworking.h */ = {isa = PBXFileReference; fileEncoding = 4; lastKnownFileType = sourcecode.c.h; path = "UIKit+AFNetworking.h"; sourceTree = "<group>"; };
		83574CB31C06E91400CBF04E /* UIProgressView+AFNetworking.h */ = {isa = PBXFileReference; fileEncoding = 4; lastKnownFileType = sourcecode.c.h; path = "UIProgressView+AFNetworking.h"; sourceTree = "<group>"; };
		83574CB41C06E91400CBF04E /* UIProgressView+AFNetworking.m */ = {isa = PBXFileReference; fileEncoding = 4; lastKnownFileType = sourcecode.c.objc; path = "UIProgressView+AFNetworking.m"; sourceTree = "<group>"; };
		83574CB51C06E91400CBF04E /* UIRefreshControl+AFNetworking.h */ = {isa = PBXFileReference; fileEncoding = 4; lastKnownFileType = sourcecode.c.h; path = "UIRefreshControl+AFNetworking.h"; sourceTree = "<group>"; };
		83574CB61C06E91400CBF04E /* UIRefreshControl+AFNetworking.m */ = {isa = PBXFileReference; fileEncoding = 4; lastKnownFileType = sourcecode.c.objc; path = "UIRefreshControl+AFNetworking.m"; sourceTree = "<group>"; };
		83574CB71C06E91400CBF04E /* UIWebView+AFNetworking.h */ = {isa = PBXFileReference; fileEncoding = 4; lastKnownFileType = sourcecode.c.h; path = "UIWebView+AFNetworking.h"; sourceTree = "<group>"; };
		83574CB81C06E91400CBF04E /* UIWebView+AFNetworking.m */ = {isa = PBXFileReference; fileEncoding = 4; lastKnownFileType = sourcecode.c.objc; path = "UIWebView+AFNetworking.m"; sourceTree = "<group>"; };
		83574CC11C070ED800CBF04E /* NextHoursExpandView.swift */ = {isa = PBXFileReference; fileEncoding = 4; lastKnownFileType = sourcecode.swift; path = NextHoursExpandView.swift; sourceTree = "<group>"; };
		83574CC31C071C9C00CBF04E /* FormAddressTableViewCell.swift */ = {isa = PBXFileReference; fileEncoding = 4; lastKnownFileType = sourcecode.swift; path = FormAddressTableViewCell.swift; sourceTree = "<group>"; };
		83574CC51C071D4200CBF04E /* FormStateTableViewCell.swift */ = {isa = PBXFileReference; fileEncoding = 4; lastKnownFileType = sourcecode.swift; path = FormStateTableViewCell.swift; sourceTree = "<group>"; };
		83574CC71C071E1900CBF04E /* FormDegreeTableViewCell.swift */ = {isa = PBXFileReference; fileEncoding = 4; lastKnownFileType = sourcecode.swift; path = FormDegreeTableViewCell.swift; sourceTree = "<group>"; };
		83574CC91C071E9500CBF04E /* FormButtonsTableViewCell.swift */ = {isa = PBXFileReference; fileEncoding = 4; lastKnownFileType = sourcecode.swift; path = FormButtonsTableViewCell.swift; sourceTree = "<group>"; };
		83574CCB1C0731F500CBF04E /* SelectStateTableViewController.swift */ = {isa = PBXFileReference; fileEncoding = 4; lastKnownFileType = sourcecode.swift; path = SelectStateTableViewController.swift; sourceTree = "<group>"; };
		83596D861BF80CDA007C3F59 /* bg.jpg */ = {isa = PBXFileReference; lastKnownFileType = image.jpeg; path = bg.jpg; sourceTree = "<group>"; };
		838805261BFEFB8A003CCB64 /* RightNowViewController.swift */ = {isa = PBXFileReference; fileEncoding = 4; lastKnownFileType = sourcecode.swift; path = RightNowViewController.swift; sourceTree = "<group>"; };
		838805281BFF007E003CCB64 /* TabBarController.swift */ = {isa = PBXFileReference; fileEncoding = 4; lastKnownFileType = sourcecode.swift; path = TabBarController.swift; sourceTree = "<group>"; };
		8388052A1BFF381C003CCB64 /* NextSevenViewController.swift */ = {isa = PBXFileReference; fileEncoding = 4; lastKnownFileType = sourcecode.swift; path = NextSevenViewController.swift; sourceTree = "<group>"; };
		8388052C1BFF382E003CCB64 /* NextHoursViewController.swift */ = {isa = PBXFileReference; fileEncoding = 4; lastKnownFileType = sourcecode.swift; path = NextHoursViewController.swift; sourceTree = "<group>"; };
/* End PBXFileReference section */

/* Begin PBXFrameworksBuildPhase section */
		834E10251ADD324900F36731 /* Frameworks */ = {
			isa = PBXFrameworksBuildPhase;
			buildActionMask = 2147483647;
			files = (
				834ED4F31C02F89F00E8D2CF /* FBSDKLoginKit.framework in Frameworks */,
				834ED4F21C02F89F00E8D2CF /* FBSDKCoreKit.framework in Frameworks */,
				834ED4F41C02F89F00E8D2CF /* FBSDKShareKit.framework in Frameworks */,
				83574C851C06CC7500CBF04E /* AerisUI.framework in Frameworks */,
				83574C821C06CC5E00CBF04E /* AerisMap.framework in Frameworks */,
				83574C811C06CC5E00CBF04E /* Aeris.framework in Frameworks */,
			);
			runOnlyForDeploymentPostprocessing = 0;
		};
		834E103A1ADD324900F36731 /* Frameworks */ = {
			isa = PBXFrameworksBuildPhase;
			buildActionMask = 2147483647;
			files = (
			);
			runOnlyForDeploymentPostprocessing = 0;
		};
/* End PBXFrameworksBuildPhase section */

/* Begin PBXGroup section */
		834575EC1BF760FF006BC366 /* images */ = {
			isa = PBXGroup;
			children = (
				830F319A1C01B471007B9BA4 /* next7.png */,
				830F319B1C01B471007B9BA4 /* next24.png */,
				8324D2E81BF985EF00A29A63 /* tutiwari.jpg */,
				83596D861BF80CDA007C3F59 /* bg.jpg */,
				8336284F1BF8006B00D1BB3C /* dJub4gJ.gif */,
				833628501BF8006B00D1BB3C /* gp9OspM.gif */,
				833628511BF8006B00D1BB3C /* zyADLpF.gif */,
				834575D31BF760F0006BC366 /* clear_night.png */,
				834575D41BF760F0006BC366 /* clear.png */,
				834575D51BF760F0006BC366 /* cloud_day.png */,
				834575D61BF760F0006BC366 /* cloud_night.png */,
				834575D71BF760F0006BC366 /* cloudy.png */,
				834575D81BF760F0006BC366 /* fb_icon.png */,
				834575D91BF760F0006BC366 /* fog.png */,
				834575DA1BF760F0006BC366 /* forecast_logo.png */,
				834575DB1BF760F0006BC366 /* rain.png */,
				834575DC1BF760F0006BC366 /* sleet.png */,
				834575DD1BF760F0006BC366 /* snow.png */,
				834575DE1BF760F0006BC366 /* wind.png */,
			);
			name = images;
			sourceTree = "<group>";
		};
		834E101F1ADD324900F36731 = {
			isa = PBXGroup;
			children = (
				834E102A1ADD324900F36731 /* Sickle */,
				834ED4EE1C02F88200E8D2CF /* Frameworks */,
				834E10401ADD324900F36731 /* SickleTests */,
				834E10291ADD324900F36731 /* Products */,
			);
			sourceTree = "<group>";
		};
		834E10291ADD324900F36731 /* Products */ = {
			isa = PBXGroup;
			children = (
				834E10281ADD324900F36731 /* Sickle.app */,
				834E103D1ADD324900F36731 /* SickleTests.xctest */,
			);
			name = Products;
			sourceTree = "<group>";
		};
		834E102A1ADD324900F36731 /* Sickle */ = {
			isa = PBXGroup;
			children = (
				834575EC1BF760FF006BC366 /* images */,
				834E102D1ADD324900F36731 /* AppDelegate.swift */,
				834E102F1ADD324900F36731 /* ViewController.swift */,
				83574CC31C071C9C00CBF04E /* FormAddressTableViewCell.swift */,
				83574CC51C071D4200CBF04E /* FormStateTableViewCell.swift */,
				83574CC71C071E1900CBF04E /* FormDegreeTableViewCell.swift */,
				83574CC91C071E9500CBF04E /* FormButtonsTableViewCell.swift */,
				83574CCB1C0731F500CBF04E /* SelectStateTableViewController.swift */,
				8324D2EA1BF9870E00A29A63 /* AboutViewController.swift */,
				838805261BFEFB8A003CCB64 /* RightNowViewController.swift */,
				835705191C00757000569D10 /* RightNowNavViewCell.swift */,
				835705111C00673900569D10 /* RightNowImageViewCell.swift */,
				835705131C006AB400569D10 /* RightNowSummaryViewCell.swift */,
				835705151C006D7600569D10 /* RightNowTempViewCell.swift */,
				835705171C00700C00569D10 /* RightNowMinMaxViewCell.swift */,
				8388052C1BFF382E003CCB64 /* NextHoursViewController.swift */,
				8357051B1C00866F00569D10 /* NextHoursTitleViewCell.swift */,
				8357051D1C00869700569D10 /* NextHoursHeaderViewCell.swift */,
				83574CC11C070ED800CBF04E /* NextHoursExpandView.swift */,
				8357051F1C0086C200569D10 /* NextHoursViewCell.swift */,
				8388052A1BFF381C003CCB64 /* NextSevenViewController.swift */,
				830F31921C01A1E5007B9BA4 /* NextSevenTitleViewCell.swift */,
				830F31941C01A212007B9BA4 /* NextSevenViewCell.swift */,
				838805281BFF007E003CCB64 /* TabBarController.swift */,
				83574C7C1C06728B00CBF04E /* MapViewController.swift */,
				834E10311ADD324900F36731 /* Main.storyboard */,
				834E10341ADD324900F36731 /* Images.xcassets */,
				834E10361ADD324900F36731 /* LaunchScreen.xib */,
				834E102B1ADD324900F36731 /* Supporting Files */,
				83574C861C06CED300CBF04E /* Sickle-Bridging-Header.h */,
				83574CA61C06E91400CBF04E /* UIKit+AFNetworking */,
				83574C891C06E33E00CBF04E /* AFNetworking */,
			);
			path = Sickle;
			sourceTree = "<group>";
		};
		834E102B1ADD324900F36731 /* Supporting Files */ = {
			isa = PBXGroup;
			children = (
				834E102C1ADD324900F36731 /* Info.plist */,
			);
			name = "Supporting Files";
			sourceTree = "<group>";
		};
		834E10401ADD324900F36731 /* SickleTests */ = {
			isa = PBXGroup;
			children = (
				834E10431ADD324900F36731 /* SickleTests.swift */,
				834E10411ADD324900F36731 /* Supporting Files */,
			);
			path = SickleTests;
			sourceTree = "<group>";
		};
		834E10411ADD324900F36731 /* Supporting Files */ = {
			isa = PBXGroup;
			children = (
				834E10421ADD324900F36731 /* Info.plist */,
			);
			name = "Supporting Files";
			sourceTree = "<group>";
		};
		834ED4EE1C02F88200E8D2CF /* Frameworks */ = {
			isa = PBXGroup;
			children = (
				83574C7E1C06CC5E00CBF04E /* Aeris.framework */,
				83574C841C06CC7500CBF04E /* AerisUI.framework */,
				83574C7F1C06CC5E00CBF04E /* AerisMap.framework */,
				834ED4EF1C02F89F00E8D2CF /* FBSDKCoreKit.framework */,
				834ED4F01C02F89F00E8D2CF /* FBSDKLoginKit.framework */,
				834ED4F11C02F89F00E8D2CF /* FBSDKShareKit.framework */,
			);
			name = Frameworks;
			sourceTree = "<group>";
		};
		83574C891C06E33E00CBF04E /* AFNetworking */ = {
			isa = PBXGroup;
			children = (
				83574C8A1C06E33E00CBF04E /* AFHTTPRequestOperation.h */,
				83574C8B1C06E33E00CBF04E /* AFHTTPRequestOperation.m */,
				83574C8C1C06E33E00CBF04E /* AFHTTPRequestOperationManager.h */,
				83574C8D1C06E33E00CBF04E /* AFHTTPRequestOperationManager.m */,
				83574C8E1C06E33E00CBF04E /* AFHTTPSessionManager.h */,
				83574C8F1C06E33E00CBF04E /* AFHTTPSessionManager.m */,
				83574C901C06E33E00CBF04E /* AFNetworking.h */,
				83574C911C06E33E00CBF04E /* AFNetworkReachabilityManager.h */,
				83574C921C06E33E00CBF04E /* AFNetworkReachabilityManager.m */,
				83574C931C06E33E00CBF04E /* AFSecurityPolicy.h */,
				83574C941C06E33E00CBF04E /* AFSecurityPolicy.m */,
				83574C951C06E33E00CBF04E /* AFURLConnectionOperation.h */,
				83574C961C06E33E00CBF04E /* AFURLConnectionOperation.m */,
				83574C971C06E33E00CBF04E /* AFURLRequestSerialization.h */,
				83574C981C06E33E00CBF04E /* AFURLRequestSerialization.m */,
				83574C991C06E33E00CBF04E /* AFURLResponseSerialization.h */,
				83574C9A1C06E33E00CBF04E /* AFURLResponseSerialization.m */,
				83574C9B1C06E33E00CBF04E /* AFURLSessionManager.h */,
				83574C9C1C06E33E00CBF04E /* AFURLSessionManager.m */,
			);
			path = AFNetworking;
			sourceTree = "<group>";
		};
		83574CA61C06E91400CBF04E /* UIKit+AFNetworking */ = {
			isa = PBXGroup;
			children = (
				83574CA71C06E91400CBF04E /* AFNetworkActivityIndicatorManager.h */,
				83574CA81C06E91400CBF04E /* AFNetworkActivityIndicatorManager.m */,
				83574CA91C06E91400CBF04E /* UIActivityIndicatorView+AFNetworking.h */,
				83574CAA1C06E91400CBF04E /* UIActivityIndicatorView+AFNetworking.m */,
				83574CAB1C06E91400CBF04E /* UIAlertView+AFNetworking.h */,
				83574CAC1C06E91400CBF04E /* UIAlertView+AFNetworking.m */,
				83574CAD1C06E91400CBF04E /* UIButton+AFNetworking.h */,
				83574CAE1C06E91400CBF04E /* UIButton+AFNetworking.m */,
				83574CAF1C06E91400CBF04E /* UIImage+AFNetworking.h */,
				83574CB01C06E91400CBF04E /* UIImageView+AFNetworking.h */,
				83574CB11C06E91400CBF04E /* UIImageView+AFNetworking.m */,
				83574CB21C06E91400CBF04E /* UIKit+AFNetworking.h */,
				83574CB31C06E91400CBF04E /* UIProgressView+AFNetworking.h */,
				83574CB41C06E91400CBF04E /* UIProgressView+AFNetworking.m */,
				83574CB51C06E91400CBF04E /* UIRefreshControl+AFNetworking.h */,
				83574CB61C06E91400CBF04E /* UIRefreshControl+AFNetworking.m */,
				83574CB71C06E91400CBF04E /* UIWebView+AFNetworking.h */,
				83574CB81C06E91400CBF04E /* UIWebView+AFNetworking.m */,
			);
			path = "UIKit+AFNetworking";
			sourceTree = "<group>";
		};
/* End PBXGroup section */

/* Begin PBXNativeTarget section */
		834E10271ADD324900F36731 /* Sickle */ = {
			isa = PBXNativeTarget;
			buildConfigurationList = 834E10471ADD324900F36731 /* Build configuration list for PBXNativeTarget "Sickle" */;
			buildPhases = (
				834E10241ADD324900F36731 /* Sources */,
				834E10251ADD324900F36731 /* Frameworks */,
				834E10261ADD324900F36731 /* Resources */,
			);
			buildRules = (
			);
			dependencies = (
			);
			name = Sickle;
			productName = Sickle;
			productReference = 834E10281ADD324900F36731 /* Sickle.app */;
			productType = "com.apple.product-type.application";
		};
		834E103C1ADD324900F36731 /* SickleTests */ = {
			isa = PBXNativeTarget;
			buildConfigurationList = 834E104A1ADD324900F36731 /* Build configuration list for PBXNativeTarget "SickleTests" */;
			buildPhases = (
				834E10391ADD324900F36731 /* Sources */,
				834E103A1ADD324900F36731 /* Frameworks */,
				834E103B1ADD324900F36731 /* Resources */,
			);
			buildRules = (
			);
			dependencies = (
				834E103F1ADD324900F36731 /* PBXTargetDependency */,
			);
			name = SickleTests;
			productName = SickleTests;
			productReference = 834E103D1ADD324900F36731 /* SickleTests.xctest */;
			productType = "com.apple.product-type.bundle.unit-test";
		};
/* End PBXNativeTarget section */

/* Begin PBXProject section */
		834E10201ADD324900F36731 /* Project object */ = {
			isa = PBXProject;
			attributes = {
				LastSwiftMigration = 0710;
				LastSwiftUpdateCheck = 0710;
				LastUpgradeCheck = 0710;
				ORGANIZATIONNAME = "Sickle Inc.";
				TargetAttributes = {
					834E10271ADD324900F36731 = {
						CreatedOnToolsVersion = 6.3;
					};
					834E103C1ADD324900F36731 = {
						CreatedOnToolsVersion = 6.3;
						TestTargetID = 834E10271ADD324900F36731;
					};
				};
			};
			buildConfigurationList = 834E10231ADD324900F36731 /* Build configuration list for PBXProject "Sickle" */;
			compatibilityVersion = "Xcode 3.2";
			developmentRegion = English;
			hasScannedForEncodings = 0;
			knownRegions = (
				en,
				Base,
			);
			mainGroup = 834E101F1ADD324900F36731;
			productRefGroup = 834E10291ADD324900F36731 /* Products */;
			projectDirPath = "";
			projectRoot = "";
			targets = (
				834E10271ADD324900F36731 /* Sickle */,
				834E103C1ADD324900F36731 /* SickleTests */,
			);
		};
/* End PBXProject section */

/* Begin PBXResourcesBuildPhase section */
		834E10261ADD324900F36731 /* Resources */ = {
			isa = PBXResourcesBuildPhase;
			buildActionMask = 2147483647;
			files = (
				833628521BF8006B00D1BB3C /* dJub4gJ.gif in Resources */,
				834E10331ADD324900F36731 /* Main.storyboard in Resources */,
				830F319D1C01B471007B9BA4 /* next24.png in Resources */,
				834575E41BF760F0006BC366 /* cloudy.png in Resources */,
				834575E21BF760F0006BC366 /* cloud_day.png in Resources */,
				8324D2E91BF985EF00A29A63 /* tutiwari.jpg in Resources */,
				834575E71BF760F0006BC366 /* forecast_logo.png in Resources */,
				834575E31BF760F0006BC366 /* cloud_night.png in Resources */,
				833628531BF8006B00D1BB3C /* gp9OspM.gif in Resources */,
				833628541BF8006B00D1BB3C /* zyADLpF.gif in Resources */,
				834E10381ADD324900F36731 /* LaunchScreen.xib in Resources */,
				834575E81BF760F0006BC366 /* rain.png in Resources */,
				83596D871BF80CDA007C3F59 /* bg.jpg in Resources */,
				834575E11BF760F0006BC366 /* clear.png in Resources */,
				834575E91BF760F0006BC366 /* sleet.png in Resources */,
				834575E61BF760F0006BC366 /* fog.png in Resources */,
				834575EA1BF760F0006BC366 /* snow.png in Resources */,
				834575E01BF760F0006BC366 /* clear_night.png in Resources */,
				834575EB1BF760F0006BC366 /* wind.png in Resources */,
				830F319C1C01B471007B9BA4 /* next7.png in Resources */,
				834575E51BF760F0006BC366 /* fb_icon.png in Resources */,
				834E10351ADD324900F36731 /* Images.xcassets in Resources */,
			);
			runOnlyForDeploymentPostprocessing = 0;
		};
		834E103B1ADD324900F36731 /* Resources */ = {
			isa = PBXResourcesBuildPhase;
			buildActionMask = 2147483647;
			files = (
			);
			runOnlyForDeploymentPostprocessing = 0;
		};
/* End PBXResourcesBuildPhase section */

/* Begin PBXSourcesBuildPhase section */
		834E10241ADD324900F36731 /* Sources */ = {
			isa = PBXSourcesBuildPhase;
			buildActionMask = 2147483647;
			files = (
				8357051E1C00869700569D10 /* NextHoursHeaderViewCell.swift in Sources */,
				83574CC81C071E1900CBF04E /* FormDegreeTableViewCell.swift in Sources */,
				83574CCC1C0731F500CBF04E /* SelectStateTableViewController.swift in Sources */,
				835705161C006D7600569D10 /* RightNowTempViewCell.swift in Sources */,
				83574CA11C06E33E00CBF04E /* AFSecurityPolicy.m in Sources */,
				83574C9E1C06E33E00CBF04E /* AFHTTPRequestOperationManager.m in Sources */,
				83574C9D1C06E33E00CBF04E /* AFHTTPRequestOperation.m in Sources */,
				834E10301ADD324900F36731 /* ViewController.swift in Sources */,
				83574CCA1C071E9500CBF04E /* FormButtonsTableViewCell.swift in Sources */,
				8357051A1C00757000569D10 /* RightNowNavViewCell.swift in Sources */,
				830F31931C01A1E5007B9BA4 /* NextSevenTitleViewCell.swift in Sources */,
				834E102E1ADD324900F36731 /* AppDelegate.swift in Sources */,
				83574CC61C071D4200CBF04E /* FormStateTableViewCell.swift in Sources */,
				83574CC41C071C9C00CBF04E /* FormAddressTableViewCell.swift in Sources */,
				83574CBC1C06E91400CBF04E /* UIButton+AFNetworking.m in Sources */,
				8388052D1BFF382E003CCB64 /* NextHoursViewController.swift in Sources */,
				83574CBD1C06E91400CBF04E /* UIImageView+AFNetworking.m in Sources */,
				8324D2EB1BF9870E00A29A63 /* AboutViewController.swift in Sources */,
				83574CBE1C06E91400CBF04E /* UIProgressView+AFNetworking.m in Sources */,
				835705141C006AB400569D10 /* RightNowSummaryViewCell.swift in Sources */,
				83574CC21C070ED800CBF04E /* NextHoursExpandView.swift in Sources */,
				83574CB91C06E91400CBF04E /* AFNetworkActivityIndicatorManager.m in Sources */,
				838805291BFF007E003CCB64 /* TabBarController.swift in Sources */,
				83574CC01C06E91400CBF04E /* UIWebView+AFNetworking.m in Sources */,
				83574C9F1C06E33E00CBF04E /* AFHTTPSessionManager.m in Sources */,
				838805271BFEFB8B003CCB64 /* RightNowViewController.swift in Sources */,
				830F31951C01A212007B9BA4 /* NextSevenViewCell.swift in Sources */,
				83574CA21C06E33E00CBF04E /* AFURLConnectionOperation.m in Sources */,
				83574CA31C06E33E00CBF04E /* AFURLRequestSerialization.m in Sources */,
				83574CA51C06E33E00CBF04E /* AFURLSessionManager.m in Sources */,
				83574CA41C06E33E00CBF04E /* AFURLResponseSerialization.m in Sources */,
				83574CBF1C06E91400CBF04E /* UIRefreshControl+AFNetworking.m in Sources */,
				835705201C0086C200569D10 /* NextHoursViewCell.swift in Sources */,
				83574CBA1C06E91400CBF04E /* UIActivityIndicatorView+AFNetworking.m in Sources */,
				83574C7D1C06728B00CBF04E /* MapViewController.swift in Sources */,
				83574CBB1C06E91400CBF04E /* UIAlertView+AFNetworking.m in Sources */,
				8357051C1C00866F00569D10 /* NextHoursTitleViewCell.swift in Sources */,
				835705181C00700C00569D10 /* RightNowMinMaxViewCell.swift in Sources */,
				835705121C00673900569D10 /* RightNowImageViewCell.swift in Sources */,
				83574CA01C06E33E00CBF04E /* AFNetworkReachabilityManager.m in Sources */,
				8388052B1BFF381C003CCB64 /* NextSevenViewController.swift in Sources */,
			);
			runOnlyForDeploymentPostprocessing = 0;
		};
		834E10391ADD324900F36731 /* Sources */ = {
			isa = PBXSourcesBuildPhase;
			buildActionMask = 2147483647;
			files = (
				834E10441ADD324900F36731 /* SickleTests.swift in Sources */,
			);
			runOnlyForDeploymentPostprocessing = 0;
		};
/* End PBXSourcesBuildPhase section */

/* Begin PBXTargetDependency section */
		834E103F1ADD324900F36731 /* PBXTargetDependency */ = {
			isa = PBXTargetDependency;
			target = 834E10271ADD324900F36731 /* Sickle */;
			targetProxy = 834E103E1ADD324900F36731 /* PBXContainerItemProxy */;
		};
/* End PBXTargetDependency section */

/* Begin PBXVariantGroup section */
		834E10311ADD324900F36731 /* Main.storyboard */ = {
			isa = PBXVariantGroup;
			children = (
				834E10321ADD324900F36731 /* Base */,
			);
			name = Main.storyboard;
			sourceTree = "<group>";
		};
		834E10361ADD324900F36731 /* LaunchScreen.xib */ = {
			isa = PBXVariantGroup;
			children = (
				834E10371ADD324900F36731 /* Base */,
			);
			name = LaunchScreen.xib;
			sourceTree = "<group>";
		};
/* End PBXVariantGroup section */

/* Begin XCBuildConfiguration section */
		834E10451ADD324900F36731 /* Debug */ = {
			isa = XCBuildConfiguration;
			buildSettings = {
				ALWAYS_SEARCH_USER_PATHS = NO;
				CLANG_CXX_LANGUAGE_STANDARD = "gnu++0x";
				CLANG_CXX_LIBRARY = "libc++";
				CLANG_ENABLE_MODULES = YES;
				CLANG_ENABLE_OBJC_ARC = YES;
				CLANG_WARN_BOOL_CONVERSION = YES;
				CLANG_WARN_CONSTANT_CONVERSION = YES;
				CLANG_WARN_DIRECT_OBJC_ISA_USAGE = YES_ERROR;
				CLANG_WARN_EMPTY_BODY = YES;
				CLANG_WARN_ENUM_CONVERSION = YES;
				CLANG_WARN_INT_CONVERSION = YES;
				CLANG_WARN_OBJC_ROOT_CLASS = YES_ERROR;
				CLANG_WARN_UNREACHABLE_CODE = YES;
				CLANG_WARN__DUPLICATE_METHOD_MATCH = YES;
				"CODE_SIGN_IDENTITY[sdk=iphoneos*]" = "iPhone Developer";
				COPY_PHASE_STRIP = NO;
				DEBUG_INFORMATION_FORMAT = "dwarf-with-dsym";
				ENABLE_STRICT_OBJC_MSGSEND = YES;
				ENABLE_TESTABILITY = YES;
				GCC_C_LANGUAGE_STANDARD = gnu99;
				GCC_DYNAMIC_NO_PIC = NO;
				GCC_NO_COMMON_BLOCKS = YES;
				GCC_OPTIMIZATION_LEVEL = 0;
				GCC_PREPROCESSOR_DEFINITIONS = (
					"DEBUG=1",
					"$(inherited)",
				);
				GCC_SYMBOLS_PRIVATE_EXTERN = NO;
				GCC_WARN_64_TO_32_BIT_CONVERSION = YES;
				GCC_WARN_ABOUT_RETURN_TYPE = YES_ERROR;
				GCC_WARN_UNDECLARED_SELECTOR = YES;
				GCC_WARN_UNINITIALIZED_AUTOS = YES_AGGRESSIVE;
				GCC_WARN_UNUSED_FUNCTION = YES;
				GCC_WARN_UNUSED_VARIABLE = YES;
				IPHONEOS_DEPLOYMENT_TARGET = 8.3;
				MTL_ENABLE_DEBUG_INFO = YES;
				ONLY_ACTIVE_ARCH = YES;
				SDKROOT = iphoneos;
				SWIFT_OPTIMIZATION_LEVEL = "-Onone";
			};
			name = Debug;
		};
		834E10461ADD324900F36731 /* Release */ = {
			isa = XCBuildConfiguration;
			buildSettings = {
				ALWAYS_SEARCH_USER_PATHS = NO;
				CLANG_CXX_LANGUAGE_STANDARD = "gnu++0x";
				CLANG_CXX_LIBRARY = "libc++";
				CLANG_ENABLE_MODULES = YES;
				CLANG_ENABLE_OBJC_ARC = YES;
				CLANG_WARN_BOOL_CONVERSION = YES;
				CLANG_WARN_CONSTANT_CONVERSION = YES;
				CLANG_WARN_DIRECT_OBJC_ISA_USAGE = YES_ERROR;
				CLANG_WARN_EMPTY_BODY = YES;
				CLANG_WARN_ENUM_CONVERSION = YES;
				CLANG_WARN_INT_CONVERSION = YES;
				CLANG_WARN_OBJC_ROOT_CLASS = YES_ERROR;
				CLANG_WARN_UNREACHABLE_CODE = YES;
				CLANG_WARN__DUPLICATE_METHOD_MATCH = YES;
				"CODE_SIGN_IDENTITY[sdk=iphoneos*]" = "iPhone Developer";
				COPY_PHASE_STRIP = NO;
				DEBUG_INFORMATION_FORMAT = "dwarf-with-dsym";
				ENABLE_NS_ASSERTIONS = NO;
				ENABLE_STRICT_OBJC_MSGSEND = YES;
				GCC_C_LANGUAGE_STANDARD = gnu99;
				GCC_NO_COMMON_BLOCKS = YES;
				GCC_WARN_64_TO_32_BIT_CONVERSION = YES;
				GCC_WARN_ABOUT_RETURN_TYPE = YES_ERROR;
				GCC_WARN_UNDECLARED_SELECTOR = YES;
				GCC_WARN_UNINITIALIZED_AUTOS = YES_AGGRESSIVE;
				GCC_WARN_UNUSED_FUNCTION = YES;
				GCC_WARN_UNUSED_VARIABLE = YES;
				IPHONEOS_DEPLOYMENT_TARGET = 8.3;
				MTL_ENABLE_DEBUG_INFO = NO;
				SDKROOT = iphoneos;
				VALIDATE_PRODUCT = YES;
			};
			name = Release;
		};
		834E10481ADD324900F36731 /* Debug */ = {
			isa = XCBuildConfiguration;
			buildSettings = {
				ASSETCATALOG_COMPILER_APPICON_NAME = AppIcon;
				CLANG_ENABLE_MODULES = YES;
				CODE_SIGN_IDENTITY = "iPhone Developer";
				DEFINES_MODULE = YES;
				FRAMEWORK_SEARCH_PATHS = (
					"$(inherited)",
					"$(PROJECT_DIR)/FacebookSDKs-iOS-20151111",
					"$(PROJECT_DIR)/AerisWeatherSDK",
				);
				INFOPLIST_FILE = Sickle/Info.plist;
				LD_RUNPATH_SEARCH_PATHS = "$(inherited) @executable_path/Frameworks";
				OTHER_LDFLAGS = "-ObjC";
				PRODUCT_BUNDLE_IDENTIFIER = "com.therelaxist.$(PRODUCT_NAME:rfc1034identifier)";
				PRODUCT_NAME = "$(TARGET_NAME)";
				SWIFT_OBJC_BRIDGING_HEADER = "Sickle/Sickle-Bridging-Header.h";
				SWIFT_OPTIMIZATION_LEVEL = "-Onone";
			};
			name = Debug;
		};
		834E10491ADD324900F36731 /* Release */ = {
			isa = XCBuildConfiguration;
			buildSettings = {
				ASSETCATALOG_COMPILER_APPICON_NAME = AppIcon;
				CLANG_ENABLE_MODULES = YES;
				CODE_SIGN_IDENTITY = "iPhone Developer";
				DEFINES_MODULE = YES;
				FRAMEWORK_SEARCH_PATHS = (
					"$(inherited)",
					"$(PROJECT_DIR)/FacebookSDKs-iOS-20151111",
					"$(PROJECT_DIR)/AerisWeatherSDK",
				);
				INFOPLIST_FILE = Sickle/Info.plist;
				LD_RUNPATH_SEARCH_PATHS = "$(inherited) @executable_path/Frameworks";
				OTHER_LDFLAGS = "-ObjC";
				PRODUCT_BUNDLE_IDENTIFIER = "com.therelaxist.$(PRODUCT_NAME:rfc1034identifier)";
				PRODUCT_NAME = "$(TARGET_NAME)";
				SWIFT_OBJC_BRIDGING_HEADER = "Sickle/Sickle-Bridging-Header.h";
			};
			name = Release;
		};
		834E104B1ADD324900F36731 /* Debug */ = {
			isa = XCBuildConfiguration;
			buildSettings = {
				BUNDLE_LOADER = "$(TEST_HOST)";
				FRAMEWORK_SEARCH_PATHS = (
					"$(SDKROOT)/Developer/Library/Frameworks",
					"$(inherited)",
				);
				GCC_PREPROCESSOR_DEFINITIONS = (
					"DEBUG=1",
					"$(inherited)",
				);
				INFOPLIST_FILE = SickleTests/Info.plist;
				LD_RUNPATH_SEARCH_PATHS = "$(inherited) @executable_path/Frameworks @loader_path/Frameworks";
				PRODUCT_BUNDLE_IDENTIFIER = "com.therelaxist.$(PRODUCT_NAME:rfc1034identifier)";
				PRODUCT_NAME = "$(TARGET_NAME)";
				TEST_HOST = "$(BUILT_PRODUCTS_DIR)/Sickle.app/Sickle";
			};
			name = Debug;
		};
		834E104C1ADD324900F36731 /* Release */ = {
			isa = XCBuildConfiguration;
			buildSettings = {
				BUNDLE_LOADER = "$(TEST_HOST)";
				FRAMEWORK_SEARCH_PATHS = (
					"$(SDKROOT)/Developer/Library/Frameworks",
					"$(inherited)",
				);
				INFOPLIST_FILE = SickleTests/Info.plist;
				LD_RUNPATH_SEARCH_PATHS = "$(inherited) @executable_path/Frameworks @loader_path/Frameworks";
				PRODUCT_BUNDLE_IDENTIFIER = "com.therelaxist.$(PRODUCT_NAME:rfc1034identifier)";
				PRODUCT_NAME = "$(TARGET_NAME)";
				TEST_HOST = "$(BUILT_PRODUCTS_DIR)/Sickle.app/Sickle";
			};
			name = Release;
		};
/* End XCBuildConfiguration section */

/* Begin XCConfigurationList section */
		834E10231ADD324900F36731 /* Build configuration list for PBXProject "Sickle" */ = {
			isa = XCConfigurationList;
			buildConfigurations = (
				834E10451ADD324900F36731 /* Debug */,
				834E10461ADD324900F36731 /* Release */,
			);
			defaultConfigurationIsVisible = 0;
			defaultConfigurationName = Release;
		};
		834E10471ADD324900F36731 /* Build configuration list for PBXNativeTarget "Sickle" */ = {
			isa = XCConfigurationList;
			buildConfigurations = (
				834E10481ADD324900F36731 /* Debug */,
				834E10491ADD324900F36731 /* Release */,
			);
			defaultConfigurationIsVisible = 0;
			defaultConfigurationName = Release;
		};
		834E104A1ADD324900F36731 /* Build configuration list for PBXNativeTarget "SickleTests" */ = {
			isa = XCConfigurationList;
			buildConfigurations = (
				834E104B1ADD324900F36731 /* Debug */,
				834E104C1ADD324900F36731 /* Release */,
			);
			defaultConfigurationIsVisible = 0;
			defaultConfigurationName = Release;
		};
/* End XCConfigurationList section */
	};
	rootObject = 834E10201ADD324900F36731 /* Project object */;
}
