// !$*UTF8*$!
{
	archiveVersion = 1;
	classes = {
	};
	objectVersion = 46;
	objects = {

/* Begin PBXBuildFile section */
		833628521BF8006B00D1BB3C /* dJub4gJ.gif in Resources */ = {isa = PBXBuildFile; fileRef = 8336284F1BF8006B00D1BB3C /* dJub4gJ.gif */; };
		833628531BF8006B00D1BB3C /* gp9OspM.gif in Resources */ = {isa = PBXBuildFile; fileRef = 833628501BF8006B00D1BB3C /* gp9OspM.gif */; };
		833628541BF8006B00D1BB3C /* zyADLpF.gif in Resources */ = {isa = PBXBuildFile; fileRef = 833628511BF8006B00D1BB3C /* zyADLpF.gif */; };
		834575E01BF760F0006BC366 /* clear_night.png in Resources */ = {isa = PBXBuildFile; fileRef = 834575D31BF760F0006BC366 /* clear_night.png */; };
		834575E11BF760F0006BC366 /* clear.png in Resources */ = {isa = PBXBuildFile; fileRef = 834575D41BF760F0006BC366 /* clear.png */; };
		834575E21BF760F0006BC366 /* cloud_day.png in Resources */ = {isa = PBXBuildFile; fileRef = 834575D51BF760F0006BC366 /* cloud_day.png */; };
		834575E31BF760F0006BC366 /* cloud_night.png in Resources */ = {isa = PBXBuildFile; fileRef = 834575D61BF760F0006BC366 /* cloud_night.png */; };
		834575E41BF760F0006BC366 /* cloudy.png in Resources */ = {isa = PBXBuildFile; fileRef = 834575D71BF760F0006BC366 /* cloudy.png */; };
		834575E51BF760F0006BC366 /* fb_icon.png in Resources */ = {isa = PBXBuildFile; fileRef = 834575D81BF760F0006BC366 /* fb_icon.png */; };
		834575E61BF760F0006BC366 /* fog.png in Resources */ = {isa = PBXBuildFile; fileRef = 834575D91BF760F0006BC366 /* fog.png */; };
		834575E71BF760F0006BC366 /* forecast_logo.png in Resources */ = {isa = PBXBuildFile; fileRef = 834575DA1BF760F0006BC366 /* forecast_logo.png */; };
		834575E81BF760F0006BC366 /* rain.png in Resources */ = {isa = PBXBuildFile; fileRef = 834575DB1BF760F0006BC366 /* rain.png */; };
		834575E91BF760F0006BC366 /* sleet.png in Resources */ = {isa = PBXBuildFile; fileRef = 834575DC1BF760F0006BC366 /* sleet.png */; };
		834575EA1BF760F0006BC366 /* snow.png in Resources */ = {isa = PBXBuildFile; fileRef = 834575DD1BF760F0006BC366 /* snow.png */; };
		834575EB1BF760F0006BC366 /* wind.png in Resources */ = {isa = PBXBuildFile; fileRef = 834575DE1BF760F0006BC366 /* wind.png */; };
		83464F331BF8259F00CB754E /* InputTableViewController.swift in Sources */ = {isa = PBXBuildFile; fileRef = 83464F321BF8259F00CB754E /* InputTableViewController.swift */; };
		834E102E1ADD324900F36731 /* AppDelegate.swift in Sources */ = {isa = PBXBuildFile; fileRef = 834E102D1ADD324900F36731 /* AppDelegate.swift */; };
		834E10301ADD324900F36731 /* ViewController.swift in Sources */ = {isa = PBXBuildFile; fileRef = 834E102F1ADD324900F36731 /* ViewController.swift */; };
		834E10331ADD324900F36731 /* Main.storyboard in Resources */ = {isa = PBXBuildFile; fileRef = 834E10311ADD324900F36731 /* Main.storyboard */; };
		834E10351ADD324900F36731 /* Images.xcassets in Resources */ = {isa = PBXBuildFile; fileRef = 834E10341ADD324900F36731 /* Images.xcassets */; };
		834E10381ADD324900F36731 /* LaunchScreen.xib in Resources */ = {isa = PBXBuildFile; fileRef = 834E10361ADD324900F36731 /* LaunchScreen.xib */; };
		834E10441ADD324900F36731 /* SickleTests.swift in Sources */ = {isa = PBXBuildFile; fileRef = 834E10431ADD324900F36731 /* SickleTests.swift */; };
		83596D871BF80CDA007C3F59 /* bg.jpg in Resources */ = {isa = PBXBuildFile; fileRef = 83596D861BF80CDA007C3F59 /* bg.jpg */; };
/* End PBXBuildFile section */

/* Begin PBXContainerItemProxy section */
		834E103E1ADD324900F36731 /* PBXContainerItemProxy */ = {
			isa = PBXContainerItemProxy;
			containerPortal = 834E10201ADD324900F36731 /* Project object */;
			proxyType = 1;
			remoteGlobalIDString = 834E10271ADD324900F36731;
			remoteInfo = Sickle;
		};
/* End PBXContainerItemProxy section */

/* Begin PBXFileReference section */
		8336284F1BF8006B00D1BB3C /* dJub4gJ.gif */ = {isa = PBXFileReference; lastKnownFileType = image.gif; path = dJub4gJ.gif; sourceTree = "<group>"; };
		833628501BF8006B00D1BB3C /* gp9OspM.gif */ = {isa = PBXFileReference; lastKnownFileType = image.gif; path = gp9OspM.gif; sourceTree = "<group>"; };
		833628511BF8006B00D1BB3C /* zyADLpF.gif */ = {isa = PBXFileReference; lastKnownFileType = image.gif; path = zyADLpF.gif; sourceTree = "<group>"; };
		834575D31BF760F0006BC366 /* clear_night.png */ = {isa = PBXFileReference; lastKnownFileType = image.png; path = clear_night.png; sourceTree = "<group>"; };
		834575D41BF760F0006BC366 /* clear.png */ = {isa = PBXFileReference; lastKnownFileType = image.png; path = clear.png; sourceTree = "<group>"; };
		834575D51BF760F0006BC366 /* cloud_day.png */ = {isa = PBXFileReference; lastKnownFileType = image.png; path = cloud_day.png; sourceTree = "<group>"; };
		834575D61BF760F0006BC366 /* cloud_night.png */ = {isa = PBXFileReference; lastKnownFileType = image.png; path = cloud_night.png; sourceTree = "<group>"; };
		834575D71BF760F0006BC366 /* cloudy.png */ = {isa = PBXFileReference; lastKnownFileType = image.png; path = cloudy.png; sourceTree = "<group>"; };
		834575D81BF760F0006BC366 /* fb_icon.png */ = {isa = PBXFileReference; lastKnownFileType = image.png; path = fb_icon.png; sourceTree = "<group>"; };
		834575D91BF760F0006BC366 /* fog.png */ = {isa = PBXFileReference; lastKnownFileType = image.png; path = fog.png; sourceTree = "<group>"; };
		834575DA1BF760F0006BC366 /* forecast_logo.png */ = {isa = PBXFileReference; lastKnownFileType = image.png; path = forecast_logo.png; sourceTree = "<group>"; };
		834575DB1BF760F0006BC366 /* rain.png */ = {isa = PBXFileReference; lastKnownFileType = image.png; path = rain.png; sourceTree = "<group>"; };
		834575DC1BF760F0006BC366 /* sleet.png */ = {isa = PBXFileReference; lastKnownFileType = image.png; path = sleet.png; sourceTree = "<group>"; };
		834575DD1BF760F0006BC366 /* snow.png */ = {isa = PBXFileReference; lastKnownFileType = image.png; path = snow.png; sourceTree = "<group>"; };
		834575DE1BF760F0006BC366 /* wind.png */ = {isa = PBXFileReference; lastKnownFileType = image.png; path = wind.png; sourceTree = "<group>"; };
		83464F321BF8259F00CB754E /* InputTableViewController.swift */ = {isa = PBXFileReference; fileEncoding = 4; lastKnownFileType = sourcecode.swift; path = InputTableViewController.swift; sourceTree = "<group>"; };
		834E10281ADD324900F36731 /* Sickle.app */ = {isa = PBXFileReference; explicitFileType = wrapper.application; includeInIndex = 0; path = Sickle.app; sourceTree = BUILT_PRODUCTS_DIR; };
		834E102C1ADD324900F36731 /* Info.plist */ = {isa = PBXFileReference; lastKnownFileType = text.plist.xml; path = Info.plist; sourceTree = "<group>"; };
		834E102D1ADD324900F36731 /* AppDelegate.swift */ = {isa = PBXFileReference; lastKnownFileType = sourcecode.swift; path = AppDelegate.swift; sourceTree = "<group>"; };
		834E102F1ADD324900F36731 /* ViewController.swift */ = {isa = PBXFileReference; lastKnownFileType = sourcecode.swift; path = ViewController.swift; sourceTree = "<group>"; };
		834E10321ADD324900F36731 /* Base */ = {isa = PBXFileReference; lastKnownFileType = file.storyboard; name = Base; path = Base.lproj/Main.storyboard; sourceTree = "<group>"; };
		834E10341ADD324900F36731 /* Images.xcassets */ = {isa = PBXFileReference; lastKnownFileType = folder.assetcatalog; path = Images.xcassets; sourceTree = "<group>"; };
		834E10371ADD324900F36731 /* Base */ = {isa = PBXFileReference; lastKnownFileType = file.xib; name = Base; path = Base.lproj/LaunchScreen.xib; sourceTree = "<group>"; };
		834E103D1ADD324900F36731 /* SickleTests.xctest */ = {isa = PBXFileReference; explicitFileType = wrapper.cfbundle; includeInIndex = 0; path = SickleTests.xctest; sourceTree = BUILT_PRODUCTS_DIR; };
		834E10421ADD324900F36731 /* Info.plist */ = {isa = PBXFileReference; lastKnownFileType = text.plist.xml; path = Info.plist; sourceTree = "<group>"; };
		834E10431ADD324900F36731 /* SickleTests.swift */ = {isa = PBXFileReference; lastKnownFileType = sourcecode.swift; path = SickleTests.swift; sourceTree = "<group>"; };
		83596D861BF80CDA007C3F59 /* bg.jpg */ = {isa = PBXFileReference; lastKnownFileType = image.jpeg; path = bg.jpg; sourceTree = "<group>"; };
/* End PBXFileReference section */

/* Begin PBXFrameworksBuildPhase section */
		834E10251ADD324900F36731 /* Frameworks */ = {
			isa = PBXFrameworksBuildPhase;
			buildActionMask = 2147483647;
			files = (
			);
			runOnlyForDeploymentPostprocessing = 0;
		};
		834E103A1ADD324900F36731 /* Frameworks */ = {
			isa = PBXFrameworksBuildPhase;
			buildActionMask = 2147483647;
			files = (
			);
			runOnlyForDeploymentPostprocessing = 0;
		};
/* End PBXFrameworksBuildPhase section */

/* Begin PBXGroup section */
		834575EC1BF760FF006BC366 /* images */ = {
			isa = PBXGroup;
			children = (
				83596D861BF80CDA007C3F59 /* bg.jpg */,
				8336284F1BF8006B00D1BB3C /* dJub4gJ.gif */,
				833628501BF8006B00D1BB3C /* gp9OspM.gif */,
				833628511BF8006B00D1BB3C /* zyADLpF.gif */,
				834575D31BF760F0006BC366 /* clear_night.png */,
				834575D41BF760F0006BC366 /* clear.png */,
				834575D51BF760F0006BC366 /* cloud_day.png */,
				834575D61BF760F0006BC366 /* cloud_night.png */,
				834575D71BF760F0006BC366 /* cloudy.png */,
				834575D81BF760F0006BC366 /* fb_icon.png */,
				834575D91BF760F0006BC366 /* fog.png */,
				834575DA1BF760F0006BC366 /* forecast_logo.png */,
				834575DB1BF760F0006BC366 /* rain.png */,
				834575DC1BF760F0006BC366 /* sleet.png */,
				834575DD1BF760F0006BC366 /* snow.png */,
				834575DE1BF760F0006BC366 /* wind.png */,
			);
			name = images;
			sourceTree = "<group>";
		};
		834E101F1ADD324900F36731 = {
			isa = PBXGroup;
			children = (
				834E102A1ADD324900F36731 /* Sickle */,
				834E10401ADD324900F36731 /* SickleTests */,
				834E10291ADD324900F36731 /* Products */,
			);
			sourceTree = "<group>";
		};
		834E10291ADD324900F36731 /* Products */ = {
			isa = PBXGroup;
			children = (
				834E10281ADD324900F36731 /* Sickle.app */,
				834E103D1ADD324900F36731 /* SickleTests.xctest */,
			);
			name = Products;
			sourceTree = "<group>";
		};
		834E102A1ADD324900F36731 /* Sickle */ = {
			isa = PBXGroup;
			children = (
				834575EC1BF760FF006BC366 /* images */,
				834E102D1ADD324900F36731 /* AppDelegate.swift */,
				834E102F1ADD324900F36731 /* ViewController.swift */,
				83464F321BF8259F00CB754E /* InputTableViewController.swift */,
				834E10311ADD324900F36731 /* Main.storyboard */,
				834E10341ADD324900F36731 /* Images.xcassets */,
				834E10361ADD324900F36731 /* LaunchScreen.xib */,
				834E102B1ADD324900F36731 /* Supporting Files */,
			);
			path = Sickle;
			sourceTree = "<group>";
		};
		834E102B1ADD324900F36731 /* Supporting Files */ = {
			isa = PBXGroup;
			children = (
				834E102C1ADD324900F36731 /* Info.plist */,
			);
			name = "Supporting Files";
			sourceTree = "<group>";
		};
		834E10401ADD324900F36731 /* SickleTests */ = {
			isa = PBXGroup;
			children = (
				834E10431ADD324900F36731 /* SickleTests.swift */,
				834E10411ADD324900F36731 /* Supporting Files */,
			);
			path = SickleTests;
			sourceTree = "<group>";
		};
		834E10411ADD324900F36731 /* Supporting Files */ = {
			isa = PBXGroup;
			children = (
				834E10421ADD324900F36731 /* Info.plist */,
			);
			name = "Supporting Files";
			sourceTree = "<group>";
		};
/* End PBXGroup section */

/* Begin PBXNativeTarget section */
		834E10271ADD324900F36731 /* Sickle */ = {
			isa = PBXNativeTarget;
			buildConfigurationList = 834E10471ADD324900F36731 /* Build configuration list for PBXNativeTarget "Sickle" */;
			buildPhases = (
				834E10241ADD324900F36731 /* Sources */,
				834E10251ADD324900F36731 /* Frameworks */,
				834E10261ADD324900F36731 /* Resources */,
			);
			buildRules = (
			);
			dependencies = (
			);
			name = Sickle;
			productName = Sickle;
			productReference = 834E10281ADD324900F36731 /* Sickle.app */;
			productType = "com.apple.product-type.application";
		};
		834E103C1ADD324900F36731 /* SickleTests */ = {
			isa = PBXNativeTarget;
			buildConfigurationList = 834E104A1ADD324900F36731 /* Build configuration list for PBXNativeTarget "SickleTests" */;
			buildPhases = (
				834E10391ADD324900F36731 /* Sources */,
				834E103A1ADD324900F36731 /* Frameworks */,
				834E103B1ADD324900F36731 /* Resources */,
			);
			buildRules = (
			);
			dependencies = (
				834E103F1ADD324900F36731 /* PBXTargetDependency */,
			);
			name = SickleTests;
			productName = SickleTests;
			productReference = 834E103D1ADD324900F36731 /* SickleTests.xctest */;
			productType = "com.apple.product-type.bundle.unit-test";
		};
/* End PBXNativeTarget section */

/* Begin PBXProject section */
		834E10201ADD324900F36731 /* Project object */ = {
			isa = PBXProject;
			attributes = {
				LastUpgradeCheck = 0630;
				ORGANIZATIONNAME = "Sickle Inc.";
				TargetAttributes = {
					834E10271ADD324900F36731 = {
						CreatedOnToolsVersion = 6.3;
					};
					834E103C1ADD324900F36731 = {
						CreatedOnToolsVersion = 6.3;
						TestTargetID = 834E10271ADD324900F36731;
					};
				};
			};
			buildConfigurationList = 834E10231ADD324900F36731 /* Build configuration list for PBXProject "Sickle" */;
			compatibilityVersion = "Xcode 3.2";
			developmentRegion = English;
			hasScannedForEncodings = 0;
			knownRegions = (
				en,
				Base,
			);
			mainGroup = 834E101F1ADD324900F36731;
			productRefGroup = 834E10291ADD324900F36731 /* Products */;
			projectDirPath = "";
			projectRoot = "";
			targets = (
				834E10271ADD324900F36731 /* Sickle */,
				834E103C1ADD324900F36731 /* SickleTests */,
			);
		};
/* End PBXProject section */

/* Begin PBXResourcesBuildPhase section */
		834E10261ADD324900F36731 /* Resources */ = {
			isa = PBXResourcesBuildPhase;
			buildActionMask = 2147483647;
			files = (
				833628521BF8006B00D1BB3C /* dJub4gJ.gif in Resources */,
				834E10331ADD324900F36731 /* Main.storyboard in Resources */,
				834575E41BF760F0006BC366 /* cloudy.png in Resources */,
				834575E21BF760F0006BC366 /* cloud_day.png in Resources */,
				834575E71BF760F0006BC366 /* forecast_logo.png in Resources */,
				834575E31BF760F0006BC366 /* cloud_night.png in Resources */,
				833628531BF8006B00D1BB3C /* gp9OspM.gif in Resources */,
				833628541BF8006B00D1BB3C /* zyADLpF.gif in Resources */,
				834E10381ADD324900F36731 /* LaunchScreen.xib in Resources */,
				834575E81BF760F0006BC366 /* rain.png in Resources */,
				83596D871BF80CDA007C3F59 /* bg.jpg in Resources */,
				834575E11BF760F0006BC366 /* clear.png in Resources */,
				834575E91BF760F0006BC366 /* sleet.png in Resources */,
				834575E61BF760F0006BC366 /* fog.png in Resources */,
				834575EA1BF760F0006BC366 /* snow.png in Resources */,
				834575E01BF760F0006BC366 /* clear_night.png in Resources */,
				834575EB1BF760F0006BC366 /* wind.png in Resources */,
				834575E51BF760F0006BC366 /* fb_icon.png in Resources */,
				834E10351ADD324900F36731 /* Images.xcassets in Resources */,
			);
			runOnlyForDeploymentPostprocessing = 0;
		};
		834E103B1ADD324900F36731 /* Resources */ = {
			isa = PBXResourcesBuildPhase;
			buildActionMask = 2147483647;
			files = (
			);
			runOnlyForDeploymentPostprocessing = 0;
		};
/* End PBXResourcesBuildPhase section */

/* Begin PBXSourcesBuildPhase section */
		834E10241ADD324900F36731 /* Sources */ = {
			isa = PBXSourcesBuildPhase;
			buildActionMask = 2147483647;
			files = (
				83464F331BF8259F00CB754E /* InputTableViewController.swift in Sources */,
				834E10301ADD324900F36731 /* ViewController.swift in Sources */,
				834E102E1ADD324900F36731 /* AppDelegate.swift in Sources */,
			);
			runOnlyForDeploymentPostprocessing = 0;
		};
		834E10391ADD324900F36731 /* Sources */ = {
			isa = PBXSourcesBuildPhase;
			buildActionMask = 2147483647;
			files = (
				834E10441ADD324900F36731 /* SickleTests.swift in Sources */,
			);
			runOnlyForDeploymentPostprocessing = 0;
		};
/* End PBXSourcesBuildPhase section */

/* Begin PBXTargetDependency section */
		834E103F1ADD324900F36731 /* PBXTargetDependency */ = {
			isa = PBXTargetDependency;
			target = 834E10271ADD324900F36731 /* Sickle */;
			targetProxy = 834E103E1ADD324900F36731 /* PBXContainerItemProxy */;
		};
/* End PBXTargetDependency section */

/* Begin PBXVariantGroup section */
		834E10311ADD324900F36731 /* Main.storyboard */ = {
			isa = PBXVariantGroup;
			children = (
				834E10321ADD324900F36731 /* Base */,
			);
			name = Main.storyboard;
			sourceTree = "<group>";
		};
		834E10361ADD324900F36731 /* LaunchScreen.xib */ = {
			isa = PBXVariantGroup;
			children = (
				834E10371ADD324900F36731 /* Base */,
			);
			name = LaunchScreen.xib;
			sourceTree = "<group>";
		};
/* End PBXVariantGroup section */

/* Begin XCBuildConfiguration section */
		834E10451ADD324900F36731 /* Debug */ = {
			isa = XCBuildConfiguration;
			buildSettings = {
				ALWAYS_SEARCH_USER_PATHS = NO;
				CLANG_CXX_LANGUAGE_STANDARD = "gnu++0x";
				CLANG_CXX_LIBRARY = "libc++";
				CLANG_ENABLE_MODULES = YES;
				CLANG_ENABLE_OBJC_ARC = YES;
				CLANG_WARN_BOOL_CONVERSION = YES;
				CLANG_WARN_CONSTANT_CONVERSION = YES;
				CLANG_WARN_DIRECT_OBJC_ISA_USAGE = YES_ERROR;
				CLANG_WARN_EMPTY_BODY = YES;
				CLANG_WARN_ENUM_CONVERSION = YES;
				CLANG_WARN_INT_CONVERSION = YES;
				CLANG_WARN_OBJC_ROOT_CLASS = YES_ERROR;
				CLANG_WARN_UNREACHABLE_CODE = YES;
				CLANG_WARN__DUPLICATE_METHOD_MATCH = YES;
				"CODE_SIGN_IDENTITY[sdk=iphoneos*]" = "iPhone Developer";
				COPY_PHASE_STRIP = NO;
				DEBUG_INFORMATION_FORMAT = "dwarf-with-dsym";
				ENABLE_STRICT_OBJC_MSGSEND = YES;
				GCC_C_LANGUAGE_STANDARD = gnu99;
				GCC_DYNAMIC_NO_PIC = NO;
				GCC_NO_COMMON_BLOCKS = YES;
				GCC_OPTIMIZATION_LEVEL = 0;
				GCC_PREPROCESSOR_DEFINITIONS = (
					"DEBUG=1",
					"$(inherited)",
				);
				GCC_SYMBOLS_PRIVATE_EXTERN = NO;
				GCC_WARN_64_TO_32_BIT_CONVERSION = YES;
				GCC_WARN_ABOUT_RETURN_TYPE = YES_ERROR;
				GCC_WARN_UNDECLARED_SELECTOR = YES;
				GCC_WARN_UNINITIALIZED_AUTOS = YES_AGGRESSIVE;
				GCC_WARN_UNUSED_FUNCTION = YES;
				GCC_WARN_UNUSED_VARIABLE = YES;
				IPHONEOS_DEPLOYMENT_TARGET = 8.3;
				MTL_ENABLE_DEBUG_INFO = YES;
				ONLY_ACTIVE_ARCH = YES;
				SDKROOT = iphoneos;
				SWIFT_OPTIMIZATION_LEVEL = "-Onone";
			};
			name = Debug;
		};
		834E10461ADD324900F36731 /* Release */ = {
			isa = XCBuildConfiguration;
			buildSettings = {
				ALWAYS_SEARCH_USER_PATHS = NO;
				CLANG_CXX_LANGUAGE_STANDARD = "gnu++0x";
				CLANG_CXX_LIBRARY = "libc++";
				CLANG_ENABLE_MODULES = YES;
				CLANG_ENABLE_OBJC_ARC = YES;
				CLANG_WARN_BOOL_CONVERSION = YES;
				CLANG_WARN_CONSTANT_CONVERSION = YES;
				CLANG_WARN_DIRECT_OBJC_ISA_USAGE = YES_ERROR;
				CLANG_WARN_EMPTY_BODY = YES;
				CLANG_WARN_ENUM_CONVERSION = YES;
				CLANG_WARN_INT_CONVERSION = YES;
				CLANG_WARN_OBJC_ROOT_CLASS = YES_ERROR;
				CLANG_WARN_UNREACHABLE_CODE = YES;
				CLANG_WARN__DUPLICATE_METHOD_MATCH = YES;
				"CODE_SIGN_IDENTITY[sdk=iphoneos*]" = "iPhone Developer";
				COPY_PHASE_STRIP = NO;
				DEBUG_INFORMATION_FORMAT = "dwarf-with-dsym";
				ENABLE_NS_ASSERTIONS = NO;
				ENABLE_STRICT_OBJC_MSGSEND = YES;
				GCC_C_LANGUAGE_STANDARD = gnu99;
				GCC_NO_COMMON_BLOCKS = YES;
				GCC_WARN_64_TO_32_BIT_CONVERSION = YES;
				GCC_WARN_ABOUT_RETURN_TYPE = YES_ERROR;
				GCC_WARN_UNDECLARED_SELECTOR = YES;
				GCC_WARN_UNINITIALIZED_AUTOS = YES_AGGRESSIVE;
				GCC_WARN_UNUSED_FUNCTION = YES;
				GCC_WARN_UNUSED_VARIABLE = YES;
				IPHONEOS_DEPLOYMENT_TARGET = 8.3;
				MTL_ENABLE_DEBUG_INFO = NO;
				SDKROOT = iphoneos;
				VALIDATE_PRODUCT = YES;
			};
			name = Release;
		};
		834E10481ADD324900F36731 /* Debug */ = {
			isa = XCBuildConfiguration;
			buildSettings = {
				ASSETCATALOG_COMPILER_APPICON_NAME = AppIcon;
				CODE_SIGN_IDENTITY = "iPhone Developer";
				INFOPLIST_FILE = Sickle/Info.plist;
				LD_RUNPATH_SEARCH_PATHS = "$(inherited) @executable_path/Frameworks";
				PRODUCT_NAME = "$(TARGET_NAME)";
			};
			name = Debug;
		};
		834E10491ADD324900F36731 /* Release */ = {
			isa = XCBuildConfiguration;
			buildSettings = {
				ASSETCATALOG_COMPILER_APPICON_NAME = AppIcon;
				CODE_SIGN_IDENTITY = "iPhone Developer";
				INFOPLIST_FILE = Sickle/Info.plist;
				LD_RUNPATH_SEARCH_PATHS = "$(inherited) @executable_path/Frameworks";
				PRODUCT_NAME = "$(TARGET_NAME)";
			};
			name = Release;
		};
		834E104B1ADD324900F36731 /* Debug */ = {
			isa = XCBuildConfiguration;
			buildSettings = {
				BUNDLE_LOADER = "$(TEST_HOST)";
				FRAMEWORK_SEARCH_PATHS = (
					"$(SDKROOT)/Developer/Library/Frameworks",
					"$(inherited)",
				);
				GCC_PREPROCESSOR_DEFINITIONS = (
					"DEBUG=1",
					"$(inherited)",
				);
				INFOPLIST_FILE = SickleTests/Info.plist;
				LD_RUNPATH_SEARCH_PATHS = "$(inherited) @executable_path/Frameworks @loader_path/Frameworks";
				PRODUCT_NAME = "$(TARGET_NAME)";
				TEST_HOST = "$(BUILT_PRODUCTS_DIR)/Sickle.app/Sickle";
			};
			name = Debug;
		};
		834E104C1ADD324900F36731 /* Release */ = {
			isa = XCBuildConfiguration;
			buildSettings = {
				BUNDLE_LOADER = "$(TEST_HOST)";
				FRAMEWORK_SEARCH_PATHS = (
					"$(SDKROOT)/Developer/Library/Frameworks",
					"$(inherited)",
				);
				INFOPLIST_FILE = SickleTests/Info.plist;
				LD_RUNPATH_SEARCH_PATHS = "$(inherited) @executable_path/Frameworks @loader_path/Frameworks";
				PRODUCT_NAME = "$(TARGET_NAME)";
				TEST_HOST = "$(BUILT_PRODUCTS_DIR)/Sickle.app/Sickle";
			};
			name = Release;
		};
/* End XCBuildConfiguration section */

/* Begin XCConfigurationList section */
		834E10231ADD324900F36731 /* Build configuration list for PBXProject "Sickle" */ = {
			isa = XCConfigurationList;
			buildConfigurations = (
				834E10451ADD324900F36731 /* Debug */,
				834E10461ADD324900F36731 /* Release */,
			);
			defaultConfigurationIsVisible = 0;
			defaultConfigurationName = Release;
		};
		834E10471ADD324900F36731 /* Build configuration list for PBXNativeTarget "Sickle" */ = {
			isa = XCConfigurationList;
			buildConfigurations = (
				834E10481ADD324900F36731 /* Debug */,
				834E10491ADD324900F36731 /* Release */,
			);
			defaultConfigurationIsVisible = 0;
			defaultConfigurationName = Release;
		};
		834E104A1ADD324900F36731 /* Build configuration list for PBXNativeTarget "SickleTests" */ = {
			isa = XCConfigurationList;
			buildConfigurations = (
				834E104B1ADD324900F36731 /* Debug */,
				834E104C1ADD324900F36731 /* Release */,
			);
			defaultConfigurationIsVisible = 0;
			defaultConfigurationName = Release;
		};
/* End XCConfigurationList section */
	};
	rootObject = 834E10201ADD324900F36731 /* Project object */;
}
